PODS:
  - AnyCodable-FlightSchool (0.2.3)
  - BigInt (5.0.0)
  - EosioSwift (0.4.0):
    - BigInt (~> 5.0)
    - PromiseKit (~> 6.8)
  - EosioSwiftAbieosSerializationProvider (0.4.0):
    - EosioSwift (~> 0.4.0)
  - EosioSwiftEcc (0.4.0):
    - EosioSwift (~> 0.4.0)
    - GRKOpenSSLFramework (= 1.0.2.19)
  - EosioSwiftSoftkeySignatureProvider (0.4.0):
    - EosioSwift (~> 0.4.0)
    - EosioSwiftEcc (~> 0.4.0)
  - GRKOpenSSLFramework (1.0.2.19)
  - PromiseKit (6.13.1):
    - PromiseKit/CorePromise (= 6.13.1)
    - PromiseKit/Foundation (= 6.13.1)
    - PromiseKit/UIKit (= 6.13.1)
  - PromiseKit/CorePromise (6.13.1)
  - PromiseKit/Foundation (6.13.1):
    - PromiseKit/CorePromise
  - PromiseKit/UIKit (6.13.1):
    - PromiseKit/CorePromise

DEPENDENCIES:
  - AnyCodable-FlightSchool (~> 0.2.3)
  - EosioSwift (~> 0.4.0)
  - EosioSwiftAbieosSerializationProvider (~> 0.4.0)
  - EosioSwiftSoftkeySignatureProvider (~> 0.4.0)

SPEC REPOS:
  trunk:
    - AnyCodable-FlightSchool
    - BigInt
    - EosioSwift
    - EosioSwiftAbieosSerializationProvider
    - EosioSwiftEcc
    - EosioSwiftSoftkeySignatureProvider
    - GRKOpenSSLFramework
    - PromiseKit

SPEC CHECKSUMS:
  AnyCodable-FlightSchool: cf53737f4bd1d9187cea453679734506e478fff3
  BigInt: 74b4d88367b0e819d9f77393549226d36faeb0d8
  EosioSwift: 2965d63ded78cbe4d1849ccf96aea5a8d92cc643
  EosioSwiftAbieosSerializationProvider: eba59a5335200175ccb71546388b81e98cd3213d
  EosioSwiftEcc: bd176c3e86e7ee25a40e428473fe9fef404339f5
  EosioSwiftSoftkeySignatureProvider: 3dc161a082173d7553e7dcf96b8e4a14e226d2f8
  GRKOpenSSLFramework: 4abc733a8fcbc37060619a86a54202d2938dd70e
  PromiseKit: 28fda91c973cc377875d8c0ea4f973013c05b6db

PODFILE CHECKSUM: e2a9ab1e799762780854f513bf92a8531f187fcf

COCOAPODS: 1.9.2
