// !$*UTF8*$!
{
	archiveVersion = 1;
	classes = {
	};
	objectVersion = 51;
	objects = {

/* Begin PBXBuildFile section */
		4310BFD46AD972A8ED29C980 /* Pods_Eudeo.framework in Frameworks */ = {isa = PBXBuildFile; fileRef = BF2873A47F044AC5373BE052 /* Pods_Eudeo.framework */; };
		8046354124848132004509A5 /* curve-specific.inc in Sources */ = {isa = PBXBuildFile; fileRef = 8046351F24848132004509A5 /* curve-specific.inc */; };
		8046354224848132004509A5 /* platform-specific.inc in Sources */ = {isa = PBXBuildFile; fileRef = 8046352824848132004509A5 /* platform-specific.inc */; };
		8046354324848132004509A5 /* secp256k1.table in Resources */ = {isa = PBXBuildFile; fileRef = 8046352A24848132004509A5 /* secp256k1.table */; };
		8046354424848132004509A5 /* bip39.c in Sources */ = {isa = PBXBuildFile; fileRef = 8046353324848132004509A5 /* bip39.c */; };
		8046354524848132004509A5 /* hmac.c in Sources */ = {isa = PBXBuildFile; fileRef = 8046353424848132004509A5 /* hmac.c */; };
		8046354624848132004509A5 /* sha2.c in Sources */ = {isa = PBXBuildFile; fileRef = 8046353524848132004509A5 /* sha2.c */; };
		8046354724848132004509A5 /* rand.c in Sources */ = {isa = PBXBuildFile; fileRef = 8046353624848132004509A5 /* rand.c */; };
		8046354824848132004509A5 /* curves.c in Sources */ = {isa = PBXBuildFile; fileRef = 8046353724848132004509A5 /* curves.c */; };
		8046354924848132004509A5 /* secp256k1.c in Sources */ = {isa = PBXBuildFile; fileRef = 8046353824848132004509A5 /* secp256k1.c */; };
		8046354A24848132004509A5 /* bignum.c in Sources */ = {isa = PBXBuildFile; fileRef = 8046353924848132004509A5 /* bignum.c */; };
		8046354B24848132004509A5 /* ripemd160.c in Sources */ = {isa = PBXBuildFile; fileRef = 8046353A24848132004509A5 /* ripemd160.c */; };
		8046354C24848132004509A5 /* uECC.c in Sources */ = {isa = PBXBuildFile; fileRef = 8046353B24848132004509A5 /* uECC.c */; };
		8046354D24848132004509A5 /* bip32.c in Sources */ = {isa = PBXBuildFile; fileRef = 8046353C24848132004509A5 /* bip32.c */; };
		8046354E24848132004509A5 /* sha3.c in Sources */ = {isa = PBXBuildFile; fileRef = 8046353D24848132004509A5 /* sha3.c */; };
		8046354F24848132004509A5 /* base58.c in Sources */ = {isa = PBXBuildFile; fileRef = 8046353E24848132004509A5 /* base58.c */; };
		8046355024848132004509A5 /* ecdsa.c in Sources */ = {isa = PBXBuildFile; fileRef = 8046353F24848132004509A5 /* ecdsa.c */; };
		8046355124848132004509A5 /* pbkdf2.c in Sources */ = {isa = PBXBuildFile; fileRef = 8046354024848132004509A5 /* pbkdf2.c */; };
		8046357924848158004509A5 /* Crypto.swift in Sources */ = {isa = PBXBuildFile; fileRef = 8046355524848158004509A5 /* Crypto.swift */; };
		8046357A24848158004509A5 /* TransactionUtil.swift in Sources */ = {isa = PBXBuildFile; fileRef = 8046355824848158004509A5 /* TransactionUtil.swift */; };
		8046357B24848158004509A5 /* Transaction.swift in Sources */ = {isa = PBXBuildFile; fileRef = 8046355924848158004509A5 /* Transaction.swift */; };
		8046357C24848158004509A5 /* Contract.swift in Sources */ = {isa = PBXBuildFile; fileRef = 8046355B24848158004509A5 /* Contract.swift */; };
		8046357D24848158004509A5 /* AccountUtil.swift in Sources */ = {isa = PBXBuildFile; fileRef = 8046355D24848158004509A5 /* AccountUtil.swift */; };
		8046357E24848158004509A5 /* ResourceUtil.swift in Sources */ = {isa = PBXBuildFile; fileRef = 8046355F24848158004509A5 /* ResourceUtil.swift */; };
		8046357F24848158004509A5 /* Currency.swift in Sources */ = {isa = PBXBuildFile; fileRef = 8046356124848158004509A5 /* Currency.swift */; };
		8046358024848158004509A5 /* Signature.swift in Sources */ = {isa = PBXBuildFile; fileRef = 8046356324848158004509A5 /* Signature.swift */; };
		8046358124848158004509A5 /* ChainRouter.swift in Sources */ = {isa = PBXBuildFile; fileRef = 8046356624848158004509A5 /* ChainRouter.swift */; };
		8046358224848158004509A5 /* EOSRPC+Chain.swift in Sources */ = {isa = PBXBuildFile; fileRef = 8046356724848158004509A5 /* EOSRPC+Chain.swift */; };
		8046358324848158004509A5 /* EOSRPC+History.swift in Sources */ = {isa = PBXBuildFile; fileRef = 8046356924848158004509A5 /* EOSRPC+History.swift */; };
		8046358424848158004509A5 /* HistoryRouter.swift in Sources */ = {isa = PBXBuildFile; fileRef = 8046356A24848158004509A5 /* HistoryRouter.swift */; };
		8046358524848158004509A5 /* EOSRPC.swift in Sources */ = {isa = PBXBuildFile; fileRef = 8046356C24848158004509A5 /* EOSRPC.swift */; };
		8046358624848158004509A5 /* BaseRouter.swift in Sources */ = {isa = PBXBuildFile; fileRef = 8046356D24848158004509A5 /* BaseRouter.swift */; };
		8046358724848158004509A5 /* KeyPair.swift in Sources */ = {isa = PBXBuildFile; fileRef = 8046356F24848158004509A5 /* KeyPair.swift */; };
		8046358824848158004509A5 /* PublicKey.swift in Sources */ = {isa = PBXBuildFile; fileRef = 8046357024848158004509A5 /* PublicKey.swift */; };
		8046358924848158004509A5 /* PrivateKey.swift in Sources */ = {isa = PBXBuildFile; fileRef = 8046357124848158004509A5 /* PrivateKey.swift */; };
		8046358A24848158004509A5 /* ChainModels.swift in Sources */ = {isa = PBXBuildFile; fileRef = 8046357324848158004509A5 /* ChainModels.swift */; };
		8046358B24848158004509A5 /* Error.swift in Sources */ = {isa = PBXBuildFile; fileRef = 8046357424848158004509A5 /* Error.swift */; };
		8046358C24848158004509A5 /* BigInt.swift in Sources */ = {isa = PBXBuildFile; fileRef = 8046357524848158004509A5 /* BigInt.swift */; };
		8046358D24848158004509A5 /* SEWallet.swift in Sources */ = {isa = PBXBuildFile; fileRef = 8046357824848158004509A5 /* SEWallet.swift */; };
		8046358F24848235004509A5 /* EDOEOSUtilities.swift in Sources */ = {isa = PBXBuildFile; fileRef = 8046358E24848235004509A5 /* EDOEOSUtilities.swift */; };
		CC160071248448E100910472 /* EDOTabBarController.swift in Sources */ = {isa = PBXBuildFile; fileRef = CC160070248448E100910472 /* EDOTabBarController.swift */; };
		CC5DD48324834EBD00CD3917 /* AppDelegate.swift in Sources */ = {isa = PBXBuildFile; fileRef = CC5DD48224834EBD00CD3917 /* AppDelegate.swift */; };
		CC5DD48524834EBD00CD3917 /* SceneDelegate.swift in Sources */ = {isa = PBXBuildFile; fileRef = CC5DD48424834EBD00CD3917 /* SceneDelegate.swift */; };
		CC5DD48724834EBD00CD3917 /* EDOPlaceholderViewController.swift in Sources */ = {isa = PBXBuildFile; fileRef = CC5DD48624834EBD00CD3917 /* EDOPlaceholderViewController.swift */; };
		CC5DD48C24834EBE00CD3917 /* Assets.xcassets in Resources */ = {isa = PBXBuildFile; fileRef = CC5DD48B24834EBE00CD3917 /* Assets.xcassets */; };
		CC5DD48F24834EBE00CD3917 /* LaunchScreen.storyboard in Resources */ = {isa = PBXBuildFile; fileRef = CC5DD48D24834EBE00CD3917 /* LaunchScreen.storyboard */; };
		CC5DD49724834F7100CD3917 /* EDONavigationController.swift in Sources */ = {isa = PBXBuildFile; fileRef = CC5DD49624834F7100CD3917 /* EDONavigationController.swift */; };
		CC5DD49B2483518000CD3917 /* EDOPlaceholderView.swift in Sources */ = {isa = PBXBuildFile; fileRef = CC5DD49A2483518000CD3917 /* EDOPlaceholderView.swift */; };
		CC5DD4A2248355E200CD3917 /* EDOViewController.swift in Sources */ = {isa = PBXBuildFile; fileRef = CC5DD4A1248355E200CD3917 /* EDOViewController.swift */; };
		CC5DD4A62483561A00CD3917 /* EDOSplashViewController.swift in Sources */ = {isa = PBXBuildFile; fileRef = CC5DD4A52483561A00CD3917 /* EDOSplashViewController.swift */; };
		CC5DD4A82483562500CD3917 /* EDOLogInViewController.swift in Sources */ = {isa = PBXBuildFile; fileRef = CC5DD4A72483562500CD3917 /* EDOLogInViewController.swift */; };
		CC5DD4AA2483563700CD3917 /* EDOSignUpViewController.swift in Sources */ = {isa = PBXBuildFile; fileRef = CC5DD4A92483563700CD3917 /* EDOSignUpViewController.swift */; };
		CC5DD4AC2483565D00CD3917 /* EDOSplashView.swift in Sources */ = {isa = PBXBuildFile; fileRef = CC5DD4AB2483565D00CD3917 /* EDOSplashView.swift */; };
		CC5DD4AE2483566600CD3917 /* EDOLogInView.swift in Sources */ = {isa = PBXBuildFile; fileRef = CC5DD4AD2483566600CD3917 /* EDOLogInView.swift */; };
		CC5DD4B02483567000CD3917 /* EDOSignUpView.swift in Sources */ = {isa = PBXBuildFile; fileRef = CC5DD4AF2483567000CD3917 /* EDOSignUpView.swift */; };
		CC64D8642484389C000BC168 /* EDOTextField.swift in Sources */ = {isa = PBXBuildFile; fileRef = CC64D8632484389C000BC168 /* EDOTextField.swift */; };
		CCD5AB4D2484451900915428 /* EDOColor.swift in Sources */ = {isa = PBXBuildFile; fileRef = CCD5AB4C2484451900915428 /* EDOColor.swift */; };
		CCD5AB4F2484475F00915428 /* EDOHomeViewController.swift in Sources */ = {isa = PBXBuildFile; fileRef = CCD5AB4E2484475F00915428 /* EDOHomeViewController.swift */; };
		CCD5AB512484476F00915428 /* EDOPostingViewController.swift in Sources */ = {isa = PBXBuildFile; fileRef = CCD5AB502484476F00915428 /* EDOPostingViewController.swift */; };
		CCD5AB532484478900915428 /* EDOProfileViewController.swift in Sources */ = {isa = PBXBuildFile; fileRef = CCD5AB522484478900915428 /* EDOProfileViewController.swift */; };
		CCD5AB552484479200915428 /* EDOHomeView.swift in Sources */ = {isa = PBXBuildFile; fileRef = CCD5AB542484479200915428 /* EDOHomeView.swift */; };
		CCD5AB572484479B00915428 /* EDOPostingView.swift in Sources */ = {isa = PBXBuildFile; fileRef = CCD5AB562484479B00915428 /* EDOPostingView.swift */; };
		CCD5AB59248447A400915428 /* EDOProfileView.swift in Sources */ = {isa = PBXBuildFile; fileRef = CCD5AB58248447A400915428 /* EDOProfileView.swift */; };
/* End PBXBuildFile section */

/* Begin PBXFileReference section */
		8046351A24848132004509A5 /* uECC.h */ = {isa = PBXFileReference; fileEncoding = 4; lastKnownFileType = sourcecode.c.h; path = uECC.h; sourceTree = "<group>"; };
		8046351B24848132004509A5 /* ripemd160.h */ = {isa = PBXFileReference; fileEncoding = 4; lastKnownFileType = sourcecode.c.h; path = ripemd160.h; sourceTree = "<group>"; };
		8046351C24848132004509A5 /* asm_arm.inc.h */ = {isa = PBXFileReference; fileEncoding = 4; lastKnownFileType = sourcecode.c.h; path = asm_arm.inc.h; sourceTree = "<group>"; };
		8046351D24848132004509A5 /* uECC_vli.h */ = {isa = PBXFileReference; fileEncoding = 4; lastKnownFileType = sourcecode.c.h; path = uECC_vli.h; sourceTree = "<group>"; };
		8046351E24848132004509A5 /* libbase58.h */ = {isa = PBXFileReference; fileEncoding = 4; lastKnownFileType = sourcecode.c.h; path = libbase58.h; sourceTree = "<group>"; };
		8046351F24848132004509A5 /* curve-specific.inc */ = {isa = PBXFileReference; fileEncoding = 4; lastKnownFileType = sourcecode.pascal; path = "curve-specific.inc"; sourceTree = "<group>"; };
		8046352024848132004509A5 /* types.h */ = {isa = PBXFileReference; fileEncoding = 4; lastKnownFileType = sourcecode.c.h; path = types.h; sourceTree = "<group>"; };
		8046352124848132004509A5 /* sha3.h */ = {isa = PBXFileReference; fileEncoding = 4; lastKnownFileType = sourcecode.c.h; path = sha3.h; sourceTree = "<group>"; };
		8046352224848132004509A5 /* bip32.h */ = {isa = PBXFileReference; fileEncoding = 4; lastKnownFileType = sourcecode.c.h; path = bip32.h; sourceTree = "<group>"; };
		8046352324848132004509A5 /* ecdsa.h */ = {isa = PBXFileReference; fileEncoding = 4; lastKnownFileType = sourcecode.c.h; path = ecdsa.h; sourceTree = "<group>"; };
		8046352424848132004509A5 /* pbkdf2.h */ = {isa = PBXFileReference; fileEncoding = 4; lastKnownFileType = sourcecode.c.h; path = pbkdf2.h; sourceTree = "<group>"; };
		8046352524848132004509A5 /* options.h */ = {isa = PBXFileReference; fileEncoding = 4; lastKnownFileType = sourcecode.c.h; path = options.h; sourceTree = "<group>"; };
		8046352624848132004509A5 /* bip39_english.h */ = {isa = PBXFileReference; fileEncoding = 4; lastKnownFileType = sourcecode.c.h; path = bip39_english.h; sourceTree = "<group>"; };
		8046352724848132004509A5 /* sha2.h */ = {isa = PBXFileReference; fileEncoding = 4; lastKnownFileType = sourcecode.c.h; path = sha2.h; sourceTree = "<group>"; };
		8046352824848132004509A5 /* platform-specific.inc */ = {isa = PBXFileReference; fileEncoding = 4; lastKnownFileType = sourcecode.pascal; path = "platform-specific.inc"; sourceTree = "<group>"; };
		8046352924848132004509A5 /* hmac.h */ = {isa = PBXFileReference; fileEncoding = 4; lastKnownFileType = sourcecode.c.h; path = hmac.h; sourceTree = "<group>"; };
		8046352A24848132004509A5 /* secp256k1.table */ = {isa = PBXFileReference; fileEncoding = 4; lastKnownFileType = text; path = secp256k1.table; sourceTree = "<group>"; };
		8046352B24848132004509A5 /* bip39.h */ = {isa = PBXFileReference; fileEncoding = 4; lastKnownFileType = sourcecode.c.h; path = bip39.h; sourceTree = "<group>"; };
		8046352C24848132004509A5 /* macros.h */ = {isa = PBXFileReference; fileEncoding = 4; lastKnownFileType = sourcecode.c.h; path = macros.h; sourceTree = "<group>"; };
		8046352D24848132004509A5 /* rand.h */ = {isa = PBXFileReference; fileEncoding = 4; lastKnownFileType = sourcecode.c.h; path = rand.h; sourceTree = "<group>"; };
		8046352E24848132004509A5 /* curves.h */ = {isa = PBXFileReference; fileEncoding = 4; lastKnownFileType = sourcecode.c.h; path = curves.h; sourceTree = "<group>"; };
		8046352F24848132004509A5 /* Bridging-Header.h */ = {isa = PBXFileReference; fileEncoding = 4; lastKnownFileType = sourcecode.c.h; path = "Bridging-Header.h"; sourceTree = "<group>"; };
		8046353024848132004509A5 /* bignum.h */ = {isa = PBXFileReference; fileEncoding = 4; lastKnownFileType = sourcecode.c.h; path = bignum.h; sourceTree = "<group>"; };
		8046353124848132004509A5 /* secp256k1.h */ = {isa = PBXFileReference; fileEncoding = 4; lastKnownFileType = sourcecode.c.h; path = secp256k1.h; sourceTree = "<group>"; };
		8046353324848132004509A5 /* bip39.c */ = {isa = PBXFileReference; fileEncoding = 4; lastKnownFileType = sourcecode.c.c; path = bip39.c; sourceTree = "<group>"; };
		8046353424848132004509A5 /* hmac.c */ = {isa = PBXFileReference; fileEncoding = 4; lastKnownFileType = sourcecode.c.c; path = hmac.c; sourceTree = "<group>"; };
		8046353524848132004509A5 /* sha2.c */ = {isa = PBXFileReference; fileEncoding = 4; lastKnownFileType = sourcecode.c.c; path = sha2.c; sourceTree = "<group>"; };
		8046353624848132004509A5 /* rand.c */ = {isa = PBXFileReference; fileEncoding = 4; lastKnownFileType = sourcecode.c.c; path = rand.c; sourceTree = "<group>"; };
		8046353724848132004509A5 /* curves.c */ = {isa = PBXFileReference; fileEncoding = 4; lastKnownFileType = sourcecode.c.c; path = curves.c; sourceTree = "<group>"; };
		8046353824848132004509A5 /* secp256k1.c */ = {isa = PBXFileReference; fileEncoding = 4; lastKnownFileType = sourcecode.c.c; path = secp256k1.c; sourceTree = "<group>"; };
		8046353924848132004509A5 /* bignum.c */ = {isa = PBXFileReference; fileEncoding = 4; lastKnownFileType = sourcecode.c.c; path = bignum.c; sourceTree = "<group>"; };
		8046353A24848132004509A5 /* ripemd160.c */ = {isa = PBXFileReference; fileEncoding = 4; lastKnownFileType = sourcecode.c.c; path = ripemd160.c; sourceTree = "<group>"; };
		8046353B24848132004509A5 /* uECC.c */ = {isa = PBXFileReference; fileEncoding = 4; lastKnownFileType = sourcecode.c.c; path = uECC.c; sourceTree = "<group>"; };
		8046353C24848132004509A5 /* bip32.c */ = {isa = PBXFileReference; fileEncoding = 4; lastKnownFileType = sourcecode.c.c; path = bip32.c; sourceTree = "<group>"; };
		8046353D24848132004509A5 /* sha3.c */ = {isa = PBXFileReference; fileEncoding = 4; lastKnownFileType = sourcecode.c.c; path = sha3.c; sourceTree = "<group>"; };
		8046353E24848132004509A5 /* base58.c */ = {isa = PBXFileReference; fileEncoding = 4; lastKnownFileType = sourcecode.c.c; path = base58.c; sourceTree = "<group>"; };
		8046353F24848132004509A5 /* ecdsa.c */ = {isa = PBXFileReference; fileEncoding = 4; lastKnownFileType = sourcecode.c.c; path = ecdsa.c; sourceTree = "<group>"; };
		8046354024848132004509A5 /* pbkdf2.c */ = {isa = PBXFileReference; fileEncoding = 4; lastKnownFileType = sourcecode.c.c; path = pbkdf2.c; sourceTree = "<group>"; };
		8046355524848158004509A5 /* Crypto.swift */ = {isa = PBXFileReference; fileEncoding = 4; lastKnownFileType = sourcecode.swift; path = Crypto.swift; sourceTree = "<group>"; };
		8046355824848158004509A5 /* TransactionUtil.swift */ = {isa = PBXFileReference; fileEncoding = 4; lastKnownFileType = sourcecode.swift; path = TransactionUtil.swift; sourceTree = "<group>"; };
		8046355924848158004509A5 /* Transaction.swift */ = {isa = PBXFileReference; fileEncoding = 4; lastKnownFileType = sourcecode.swift; path = Transaction.swift; sourceTree = "<group>"; };
		8046355B24848158004509A5 /* Contract.swift */ = {isa = PBXFileReference; fileEncoding = 4; lastKnownFileType = sourcecode.swift; path = Contract.swift; sourceTree = "<group>"; };
		8046355D24848158004509A5 /* AccountUtil.swift */ = {isa = PBXFileReference; fileEncoding = 4; lastKnownFileType = sourcecode.swift; path = AccountUtil.swift; sourceTree = "<group>"; };
		8046355F24848158004509A5 /* ResourceUtil.swift */ = {isa = PBXFileReference; fileEncoding = 4; lastKnownFileType = sourcecode.swift; path = ResourceUtil.swift; sourceTree = "<group>"; };
		8046356124848158004509A5 /* Currency.swift */ = {isa = PBXFileReference; fileEncoding = 4; lastKnownFileType = sourcecode.swift; path = Currency.swift; sourceTree = "<group>"; };
		8046356324848158004509A5 /* Signature.swift */ = {isa = PBXFileReference; fileEncoding = 4; lastKnownFileType = sourcecode.swift; path = Signature.swift; sourceTree = "<group>"; };
		8046356624848158004509A5 /* ChainRouter.swift */ = {isa = PBXFileReference; fileEncoding = 4; lastKnownFileType = sourcecode.swift; path = ChainRouter.swift; sourceTree = "<group>"; };
		8046356724848158004509A5 /* EOSRPC+Chain.swift */ = {isa = PBXFileReference; fileEncoding = 4; lastKnownFileType = sourcecode.swift; path = "EOSRPC+Chain.swift"; sourceTree = "<group>"; };
		8046356924848158004509A5 /* EOSRPC+History.swift */ = {isa = PBXFileReference; fileEncoding = 4; lastKnownFileType = sourcecode.swift; path = "EOSRPC+History.swift"; sourceTree = "<group>"; };
		8046356A24848158004509A5 /* HistoryRouter.swift */ = {isa = PBXFileReference; fileEncoding = 4; lastKnownFileType = sourcecode.swift; path = HistoryRouter.swift; sourceTree = "<group>"; };
		8046356C24848158004509A5 /* EOSRPC.swift */ = {isa = PBXFileReference; fileEncoding = 4; lastKnownFileType = sourcecode.swift; path = EOSRPC.swift; sourceTree = "<group>"; };
		8046356D24848158004509A5 /* BaseRouter.swift */ = {isa = PBXFileReference; fileEncoding = 4; lastKnownFileType = sourcecode.swift; path = BaseRouter.swift; sourceTree = "<group>"; };
		8046356F24848158004509A5 /* KeyPair.swift */ = {isa = PBXFileReference; fileEncoding = 4; lastKnownFileType = sourcecode.swift; path = KeyPair.swift; sourceTree = "<group>"; };
		8046357024848158004509A5 /* PublicKey.swift */ = {isa = PBXFileReference; fileEncoding = 4; lastKnownFileType = sourcecode.swift; path = PublicKey.swift; sourceTree = "<group>"; };
		8046357124848158004509A5 /* PrivateKey.swift */ = {isa = PBXFileReference; fileEncoding = 4; lastKnownFileType = sourcecode.swift; path = PrivateKey.swift; sourceTree = "<group>"; };
		8046357324848158004509A5 /* ChainModels.swift */ = {isa = PBXFileReference; fileEncoding = 4; lastKnownFileType = sourcecode.swift; path = ChainModels.swift; sourceTree = "<group>"; };
		8046357424848158004509A5 /* Error.swift */ = {isa = PBXFileReference; fileEncoding = 4; lastKnownFileType = sourcecode.swift; path = Error.swift; sourceTree = "<group>"; };
		8046357524848158004509A5 /* BigInt.swift */ = {isa = PBXFileReference; fileEncoding = 4; lastKnownFileType = sourcecode.swift; path = BigInt.swift; sourceTree = "<group>"; };
		8046357824848158004509A5 /* SEWallet.swift */ = {isa = PBXFileReference; fileEncoding = 4; lastKnownFileType = sourcecode.swift; path = SEWallet.swift; sourceTree = "<group>"; };
		8046358E24848235004509A5 /* EDOEOSUtilities.swift */ = {isa = PBXFileReference; lastKnownFileType = sourcecode.swift; path = EDOEOSUtilities.swift; sourceTree = "<group>"; };
		951BB28AEFC714C2E4FC6E0D /* Pods-Eudeo.debug.xcconfig */ = {isa = PBXFileReference; includeInIndex = 1; lastKnownFileType = text.xcconfig; name = "Pods-Eudeo.debug.xcconfig"; path = "Target Support Files/Pods-Eudeo/Pods-Eudeo.debug.xcconfig"; sourceTree = "<group>"; };
		9F7E9C259B69FECAB9F4A94F /* Pods-Eudeo.release.xcconfig */ = {isa = PBXFileReference; includeInIndex = 1; lastKnownFileType = text.xcconfig; name = "Pods-Eudeo.release.xcconfig"; path = "Target Support Files/Pods-Eudeo/Pods-Eudeo.release.xcconfig"; sourceTree = "<group>"; };
		BF2873A47F044AC5373BE052 /* Pods_Eudeo.framework */ = {isa = PBXFileReference; explicitFileType = wrapper.framework; includeInIndex = 0; path = Pods_Eudeo.framework; sourceTree = BUILT_PRODUCTS_DIR; };
		CC160070248448E100910472 /* EDOTabBarController.swift */ = {isa = PBXFileReference; lastKnownFileType = sourcecode.swift; path = EDOTabBarController.swift; sourceTree = "<group>"; };
		CC5DD47F24834EBD00CD3917 /* Eudeo.app */ = {isa = PBXFileReference; explicitFileType = wrapper.application; includeInIndex = 0; path = Eudeo.app; sourceTree = BUILT_PRODUCTS_DIR; };
		CC5DD48224834EBD00CD3917 /* AppDelegate.swift */ = {isa = PBXFileReference; lastKnownFileType = sourcecode.swift; path = AppDelegate.swift; sourceTree = "<group>"; };
		CC5DD48424834EBD00CD3917 /* SceneDelegate.swift */ = {isa = PBXFileReference; lastKnownFileType = sourcecode.swift; path = SceneDelegate.swift; sourceTree = "<group>"; };
		CC5DD48624834EBD00CD3917 /* EDOPlaceholderViewController.swift */ = {isa = PBXFileReference; lastKnownFileType = sourcecode.swift; path = EDOPlaceholderViewController.swift; sourceTree = "<group>"; };
		CC5DD48B24834EBE00CD3917 /* Assets.xcassets */ = {isa = PBXFileReference; lastKnownFileType = folder.assetcatalog; path = Assets.xcassets; sourceTree = "<group>"; };
		CC5DD48E24834EBE00CD3917 /* Base */ = {isa = PBXFileReference; lastKnownFileType = file.storyboard; name = Base; path = Base.lproj/LaunchScreen.storyboard; sourceTree = "<group>"; };
		CC5DD49024834EBE00CD3917 /* Info.plist */ = {isa = PBXFileReference; lastKnownFileType = text.plist.xml; path = Info.plist; sourceTree = "<group>"; };
		CC5DD49624834F7100CD3917 /* EDONavigationController.swift */ = {isa = PBXFileReference; lastKnownFileType = sourcecode.swift; path = EDONavigationController.swift; sourceTree = "<group>"; };
		CC5DD49A2483518000CD3917 /* EDOPlaceholderView.swift */ = {isa = PBXFileReference; lastKnownFileType = sourcecode.swift; path = EDOPlaceholderView.swift; sourceTree = "<group>"; };
		CC5DD4A1248355E200CD3917 /* EDOViewController.swift */ = {isa = PBXFileReference; lastKnownFileType = sourcecode.swift; path = EDOViewController.swift; sourceTree = "<group>"; };
		CC5DD4A52483561A00CD3917 /* EDOSplashViewController.swift */ = {isa = PBXFileReference; lastKnownFileType = sourcecode.swift; path = EDOSplashViewController.swift; sourceTree = "<group>"; };
		CC5DD4A72483562500CD3917 /* EDOLogInViewController.swift */ = {isa = PBXFileReference; lastKnownFileType = sourcecode.swift; path = EDOLogInViewController.swift; sourceTree = "<group>"; };
		CC5DD4A92483563700CD3917 /* EDOSignUpViewController.swift */ = {isa = PBXFileReference; lastKnownFileType = sourcecode.swift; path = EDOSignUpViewController.swift; sourceTree = "<group>"; };
		CC5DD4AB2483565D00CD3917 /* EDOSplashView.swift */ = {isa = PBXFileReference; lastKnownFileType = sourcecode.swift; path = EDOSplashView.swift; sourceTree = "<group>"; };
		CC5DD4AD2483566600CD3917 /* EDOLogInView.swift */ = {isa = PBXFileReference; lastKnownFileType = sourcecode.swift; path = EDOLogInView.swift; sourceTree = "<group>"; };
		CC5DD4AF2483567000CD3917 /* EDOSignUpView.swift */ = {isa = PBXFileReference; lastKnownFileType = sourcecode.swift; path = EDOSignUpView.swift; sourceTree = "<group>"; };
		CC64D8632484389C000BC168 /* EDOTextField.swift */ = {isa = PBXFileReference; lastKnownFileType = sourcecode.swift; path = EDOTextField.swift; sourceTree = "<group>"; };
		CCD5AB4C2484451900915428 /* EDOColor.swift */ = {isa = PBXFileReference; lastKnownFileType = sourcecode.swift; path = EDOColor.swift; sourceTree = "<group>"; };
		CCD5AB4E2484475F00915428 /* EDOHomeViewController.swift */ = {isa = PBXFileReference; lastKnownFileType = sourcecode.swift; path = EDOHomeViewController.swift; sourceTree = "<group>"; };
		CCD5AB502484476F00915428 /* EDOPostingViewController.swift */ = {isa = PBXFileReference; lastKnownFileType = sourcecode.swift; path = EDOPostingViewController.swift; sourceTree = "<group>"; };
		CCD5AB522484478900915428 /* EDOProfileViewController.swift */ = {isa = PBXFileReference; lastKnownFileType = sourcecode.swift; path = EDOProfileViewController.swift; sourceTree = "<group>"; };
		CCD5AB542484479200915428 /* EDOHomeView.swift */ = {isa = PBXFileReference; lastKnownFileType = sourcecode.swift; path = EDOHomeView.swift; sourceTree = "<group>"; };
		CCD5AB562484479B00915428 /* EDOPostingView.swift */ = {isa = PBXFileReference; lastKnownFileType = sourcecode.swift; path = EDOPostingView.swift; sourceTree = "<group>"; };
		CCD5AB58248447A400915428 /* EDOProfileView.swift */ = {isa = PBXFileReference; lastKnownFileType = sourcecode.swift; path = EDOProfileView.swift; sourceTree = "<group>"; };
/* End PBXFileReference section */

/* Begin PBXFrameworksBuildPhase section */
		CC5DD47C24834EBD00CD3917 /* Frameworks */ = {
			isa = PBXFrameworksBuildPhase;
			buildActionMask = 2147483647;
			files = (
				4310BFD46AD972A8ED29C980 /* Pods_Eudeo.framework in Frameworks */,
			);
			runOnlyForDeploymentPostprocessing = 0;
		};
/* End PBXFrameworksBuildPhase section */

/* Begin PBXGroup section */
		8046351824848132004509A5 /* Libraries */ = {
			isa = PBXGroup;
			children = (
				8046351924848132004509A5 /* include */,
				8046353224848132004509A5 /* src */,
			);
			path = Libraries;
			sourceTree = "<group>";
		};
		8046351924848132004509A5 /* include */ = {
			isa = PBXGroup;
			children = (
				8046351A24848132004509A5 /* uECC.h */,
				8046351B24848132004509A5 /* ripemd160.h */,
				8046351C24848132004509A5 /* asm_arm.inc.h */,
				8046351D24848132004509A5 /* uECC_vli.h */,
				8046351E24848132004509A5 /* libbase58.h */,
				8046351F24848132004509A5 /* curve-specific.inc */,
				8046352024848132004509A5 /* types.h */,
				8046352124848132004509A5 /* sha3.h */,
				8046352224848132004509A5 /* bip32.h */,
				8046352324848132004509A5 /* ecdsa.h */,
				8046352424848132004509A5 /* pbkdf2.h */,
				8046352524848132004509A5 /* options.h */,
				8046352624848132004509A5 /* bip39_english.h */,
				8046352724848132004509A5 /* sha2.h */,
				8046352824848132004509A5 /* platform-specific.inc */,
				8046352924848132004509A5 /* hmac.h */,
				8046352A24848132004509A5 /* secp256k1.table */,
				8046352B24848132004509A5 /* bip39.h */,
				8046352C24848132004509A5 /* macros.h */,
				8046352D24848132004509A5 /* rand.h */,
				8046352E24848132004509A5 /* curves.h */,
				8046352F24848132004509A5 /* Bridging-Header.h */,
				8046353024848132004509A5 /* bignum.h */,
				8046353124848132004509A5 /* secp256k1.h */,
			);
			path = include;
			sourceTree = "<group>";
		};
		8046353224848132004509A5 /* src */ = {
			isa = PBXGroup;
			children = (
				8046353324848132004509A5 /* bip39.c */,
				8046353424848132004509A5 /* hmac.c */,
				8046353524848132004509A5 /* sha2.c */,
				8046353624848132004509A5 /* rand.c */,
				8046353724848132004509A5 /* curves.c */,
				8046353824848132004509A5 /* secp256k1.c */,
				8046353924848132004509A5 /* bignum.c */,
				8046353A24848132004509A5 /* ripemd160.c */,
				8046353B24848132004509A5 /* uECC.c */,
				8046353C24848132004509A5 /* bip32.c */,
				8046353D24848132004509A5 /* sha3.c */,
				8046353E24848132004509A5 /* base58.c */,
				8046353F24848132004509A5 /* ecdsa.c */,
				8046354024848132004509A5 /* pbkdf2.c */,
			);
			path = src;
			sourceTree = "<group>";
		};
		8046355224848158004509A5 /* Sources */ = {
			isa = PBXGroup;
			children = (
				8046355324848158004509A5 /* SwiftyEOS */,
				8046357624848158004509A5 /* Utils */,
			);
			path = Sources;
			sourceTree = "<group>";
		};
		8046355324848158004509A5 /* SwiftyEOS */ = {
			isa = PBXGroup;
			children = (
				8046355424848158004509A5 /* Crypto */,
				8046355624848158004509A5 /* Contract */,
				8046356224848158004509A5 /* Signature */,
				8046356424848158004509A5 /* Network */,
				8046356E24848158004509A5 /* Key */,
				8046357224848158004509A5 /* Models */,
			);
			path = SwiftyEOS;
			sourceTree = "<group>";
		};
		8046355424848158004509A5 /* Crypto */ = {
			isa = PBXGroup;
			children = (
				8046355524848158004509A5 /* Crypto.swift */,
			);
			path = Crypto;
			sourceTree = "<group>";
		};
		8046355624848158004509A5 /* Contract */ = {
			isa = PBXGroup;
			children = (
				8046355724848158004509A5 /* transaction */,
				8046355A24848158004509A5 /* contract */,
				8046355C24848158004509A5 /* account */,
				8046355E24848158004509A5 /* resource */,
				8046356024848158004509A5 /* currency */,
			);
			path = Contract;
			sourceTree = "<group>";
		};
		8046355724848158004509A5 /* transaction */ = {
			isa = PBXGroup;
			children = (
				8046355824848158004509A5 /* TransactionUtil.swift */,
				8046355924848158004509A5 /* Transaction.swift */,
			);
			path = transaction;
			sourceTree = "<group>";
		};
		8046355A24848158004509A5 /* contract */ = {
			isa = PBXGroup;
			children = (
				8046355B24848158004509A5 /* Contract.swift */,
			);
			path = contract;
			sourceTree = "<group>";
		};
		8046355C24848158004509A5 /* account */ = {
			isa = PBXGroup;
			children = (
				8046355D24848158004509A5 /* AccountUtil.swift */,
			);
			path = account;
			sourceTree = "<group>";
		};
		8046355E24848158004509A5 /* resource */ = {
			isa = PBXGroup;
			children = (
				8046355F24848158004509A5 /* ResourceUtil.swift */,
			);
			path = resource;
			sourceTree = "<group>";
		};
		8046356024848158004509A5 /* currency */ = {
			isa = PBXGroup;
			children = (
				8046356124848158004509A5 /* Currency.swift */,
			);
			path = currency;
			sourceTree = "<group>";
		};
		8046356224848158004509A5 /* Signature */ = {
			isa = PBXGroup;
			children = (
				8046356324848158004509A5 /* Signature.swift */,
			);
			path = Signature;
			sourceTree = "<group>";
		};
		8046356424848158004509A5 /* Network */ = {
			isa = PBXGroup;
			children = (
				8046356524848158004509A5 /* Chain */,
				8046356824848158004509A5 /* History */,
				8046356B24848158004509A5 /* Base */,
			);
			path = Network;
			sourceTree = "<group>";
		};
		8046356524848158004509A5 /* Chain */ = {
			isa = PBXGroup;
			children = (
				8046356624848158004509A5 /* ChainRouter.swift */,
				8046356724848158004509A5 /* EOSRPC+Chain.swift */,
			);
			path = Chain;
			sourceTree = "<group>";
		};
		8046356824848158004509A5 /* History */ = {
			isa = PBXGroup;
			children = (
				8046356924848158004509A5 /* EOSRPC+History.swift */,
				8046356A24848158004509A5 /* HistoryRouter.swift */,
			);
			path = History;
			sourceTree = "<group>";
		};
		8046356B24848158004509A5 /* Base */ = {
			isa = PBXGroup;
			children = (
				8046356C24848158004509A5 /* EOSRPC.swift */,
				8046356D24848158004509A5 /* BaseRouter.swift */,
			);
			path = Base;
			sourceTree = "<group>";
		};
		8046356E24848158004509A5 /* Key */ = {
			isa = PBXGroup;
			children = (
				8046356F24848158004509A5 /* KeyPair.swift */,
				8046357024848158004509A5 /* PublicKey.swift */,
				8046357124848158004509A5 /* PrivateKey.swift */,
			);
			path = Key;
			sourceTree = "<group>";
		};
		8046357224848158004509A5 /* Models */ = {
			isa = PBXGroup;
			children = (
				8046357324848158004509A5 /* ChainModels.swift */,
				8046357424848158004509A5 /* Error.swift */,
				8046357524848158004509A5 /* BigInt.swift */,
			);
			path = Models;
			sourceTree = "<group>";
		};
		8046357624848158004509A5 /* Utils */ = {
			isa = PBXGroup;
			children = (
				8046357724848158004509A5 /* iOS */,
			);
			path = Utils;
			sourceTree = "<group>";
		};
		8046357724848158004509A5 /* iOS */ = {
			isa = PBXGroup;
			children = (
				8046357824848158004509A5 /* SEWallet.swift */,
			);
			path = iOS;
			sourceTree = "<group>";
		};
		9B93217D486D6F776991842B /* Frameworks */ = {
			isa = PBXGroup;
			children = (
				BF2873A47F044AC5373BE052 /* Pods_Eudeo.framework */,
			);
			name = Frameworks;
			sourceTree = "<group>";
		};
		CC1600722484504900910472 /* Extensions */ = {
			isa = PBXGroup;
			children = (
				CC1600742484537E00910472 /* UiColor */,
			);
			name = Extensions;
			sourceTree = "<group>";
		};
		CC1600732484537200910472 /* UITextField */ = {
			isa = PBXGroup;
			children = (
				CC64D8632484389C000BC168 /* EDOTextField.swift */,
			);
			name = UITextField;
			sourceTree = "<group>";
		};
		CC1600742484537E00910472 /* UiColor */ = {
			isa = PBXGroup;
			children = (
				CCD5AB4C2484451900915428 /* EDOColor.swift */,
			);
			name = UiColor;
			sourceTree = "<group>";
		};
		CC5DD47624834EBD00CD3917 = {
			isa = PBXGroup;
			children = (
				CC5DD48124834EBD00CD3917 /* Eudeo */,
				CC5DD48024834EBD00CD3917 /* Products */,
				8046351824848132004509A5 /* Libraries */,
				8046355224848158004509A5 /* Sources */,
				DA4A8FB2B85A706038C8C824 /* Pods */,
				9B93217D486D6F776991842B /* Frameworks */,
			);
			sourceTree = "<group>";
		};
		CC5DD48024834EBD00CD3917 /* Products */ = {
			isa = PBXGroup;
			children = (
				CC5DD47F24834EBD00CD3917 /* Eudeo.app */,
			);
			name = Products;
			sourceTree = "<group>";
		};
		CC5DD48124834EBD00CD3917 /* Eudeo */ = {
			isa = PBXGroup;
			children = (
				CC5DD48224834EBD00CD3917 /* AppDelegate.swift */,
				CC5DD48424834EBD00CD3917 /* SceneDelegate.swift */,
				CC5DD4B32483568F00CD3917 /* Placeholder */,
				CC5DD4A02483555B00CD3917 /* Onboarding */,
				CC5DD49D2483553600CD3917 /* Main */,
				CC1600722484504900910472 /* Extensions */,
				CC5DD4A42483560B00CD3917 /* Sub classes */,
				CC5DD49C2483552A00CD3917 /* Navigation */,
				CC5DD49E2483553E00CD3917 /* Support */,
				8046358E24848235004509A5 /* EDOEOSUtilities.swift */,
			);
			path = Eudeo;
			sourceTree = "<group>";
		};
		CC5DD49C2483552A00CD3917 /* Navigation */ = {
			isa = PBXGroup;
			children = (
				CC5DD49624834F7100CD3917 /* EDONavigationController.swift */,
				CC160070248448E100910472 /* EDOTabBarController.swift */,
			);
			name = Navigation;
			sourceTree = "<group>";
		};
		CC5DD49D2483553600CD3917 /* Main */ = {
			isa = PBXGroup;
			children = (
				CCD5AB5A248447A700915428 /* Home */,
				CCD5AB5B248447AC00915428 /* Posting */,
				CCD5AB5C248447B300915428 /* Profile */,
			);
			name = Main;
			sourceTree = "<group>";
		};
		CC5DD49E2483553E00CD3917 /* Support */ = {
			isa = PBXGroup;
			children = (
				CC5DD48B24834EBE00CD3917 /* Assets.xcassets */,
				CC5DD48D24834EBE00CD3917 /* LaunchScreen.storyboard */,
				CC5DD49024834EBE00CD3917 /* Info.plist */,
			);
			name = Support;
			sourceTree = "<group>";
		};
		CC5DD4A02483555B00CD3917 /* Onboarding */ = {
			isa = PBXGroup;
			children = (
				CC5DD4A52483561A00CD3917 /* EDOSplashViewController.swift */,
				CC5DD4AB2483565D00CD3917 /* EDOSplashView.swift */,
				CC5DD4B22483567700CD3917 /* Log in */,
				CC5DD4B12483567300CD3917 /* Sign up */,
			);
			name = Onboarding;
			sourceTree = "<group>";
		};
		CC5DD4A3248355EC00CD3917 /* UIViewController */ = {
			isa = PBXGroup;
			children = (
				CC5DD4A1248355E200CD3917 /* EDOViewController.swift */,
			);
			name = UIViewController;
			sourceTree = "<group>";
		};
		CC5DD4A42483560B00CD3917 /* Sub classes */ = {
			isa = PBXGroup;
			children = (
				CC1600732484537200910472 /* UITextField */,
				CC5DD4A3248355EC00CD3917 /* UIViewController */,
			);
			name = "Sub classes";
			sourceTree = "<group>";
		};
		CC5DD4B12483567300CD3917 /* Sign up */ = {
			isa = PBXGroup;
			children = (
				CC5DD4A92483563700CD3917 /* EDOSignUpViewController.swift */,
				CC5DD4AF2483567000CD3917 /* EDOSignUpView.swift */,
			);
			name = "Sign up";
			sourceTree = "<group>";
		};
		CC5DD4B22483567700CD3917 /* Log in */ = {
			isa = PBXGroup;
			children = (
				CC5DD4A72483562500CD3917 /* EDOLogInViewController.swift */,
				CC5DD4AD2483566600CD3917 /* EDOLogInView.swift */,
			);
			name = "Log in";
			sourceTree = "<group>";
		};
		CC5DD4B32483568F00CD3917 /* Placeholder */ = {
			isa = PBXGroup;
			children = (
				CC5DD48624834EBD00CD3917 /* EDOPlaceholderViewController.swift */,
				CC5DD49A2483518000CD3917 /* EDOPlaceholderView.swift */,
			);
			name = Placeholder;
			sourceTree = "<group>";
		};
		CCD5AB5A248447A700915428 /* Home */ = {
			isa = PBXGroup;
			children = (
				CCD5AB4E2484475F00915428 /* EDOHomeViewController.swift */,
				CCD5AB542484479200915428 /* EDOHomeView.swift */,
			);
			name = Home;
			sourceTree = "<group>";
		};
		CCD5AB5B248447AC00915428 /* Posting */ = {
			isa = PBXGroup;
			children = (
				CCD5AB502484476F00915428 /* EDOPostingViewController.swift */,
				CCD5AB562484479B00915428 /* EDOPostingView.swift */,
			);
			name = Posting;
			sourceTree = "<group>";
		};
		CCD5AB5C248447B300915428 /* Profile */ = {
			isa = PBXGroup;
			children = (
				CCD5AB522484478900915428 /* EDOProfileViewController.swift */,
				CCD5AB58248447A400915428 /* EDOProfileView.swift */,
			);
			name = Profile;
			sourceTree = "<group>";
		};
		DA4A8FB2B85A706038C8C824 /* Pods */ = {
			isa = PBXGroup;
			children = (
				951BB28AEFC714C2E4FC6E0D /* Pods-Eudeo.debug.xcconfig */,
				9F7E9C259B69FECAB9F4A94F /* Pods-Eudeo.release.xcconfig */,
			);
			path = Pods;
			sourceTree = "<group>";
		};
/* End PBXGroup section */

/* Begin PBXNativeTarget section */
		CC5DD47E24834EBD00CD3917 /* Eudeo */ = {
			isa = PBXNativeTarget;
			buildConfigurationList = CC5DD49324834EBE00CD3917 /* Build configuration list for PBXNativeTarget "Eudeo" */;
			buildPhases = (
				E8B453874B33F7211A18E714 /* [CP] Check Pods Manifest.lock */,
				CC5DD47B24834EBD00CD3917 /* Sources */,
				CC5DD47C24834EBD00CD3917 /* Frameworks */,
				CC5DD47D24834EBD00CD3917 /* Resources */,
				5BCC144434D155EA01A287D4 /* [CP] Embed Pods Frameworks */,
			);
			buildRules = (
			);
			dependencies = (
			);
			name = Eudeo;
			productName = Eudeo;
			productReference = CC5DD47F24834EBD00CD3917 /* Eudeo.app */;
			productType = "com.apple.product-type.application";
		};
/* End PBXNativeTarget section */

/* Begin PBXProject section */
		CC5DD47724834EBD00CD3917 /* Project object */ = {
			isa = PBXProject;
			attributes = {
				CLASSPREFIX = EDO;
				LastSwiftUpdateCheck = 1140;
				LastUpgradeCheck = 1140;
				ORGANIZATIONNAME = "Leonce Arceneaux";
				TargetAttributes = {
					CC5DD47E24834EBD00CD3917 = {
						CreatedOnToolsVersion = 11.4.1;
					};
				};
			};
			buildConfigurationList = CC5DD47A24834EBD00CD3917 /* Build configuration list for PBXProject "Eudeo" */;
			compatibilityVersion = "Xcode 9.3";
			developmentRegion = en;
			hasScannedForEncodings = 0;
			knownRegions = (
				en,
				Base,
			);
			mainGroup = CC5DD47624834EBD00CD3917;
			productRefGroup = CC5DD48024834EBD00CD3917 /* Products */;
			projectDirPath = "";
			projectRoot = "";
			targets = (
				CC5DD47E24834EBD00CD3917 /* Eudeo */,
			);
		};
/* End PBXProject section */

/* Begin PBXResourcesBuildPhase section */
		CC5DD47D24834EBD00CD3917 /* Resources */ = {
			isa = PBXResourcesBuildPhase;
			buildActionMask = 2147483647;
			files = (
				8046354324848132004509A5 /* secp256k1.table in Resources */,
				CC5DD48F24834EBE00CD3917 /* LaunchScreen.storyboard in Resources */,
				CC5DD48C24834EBE00CD3917 /* Assets.xcassets in Resources */,
			);
			runOnlyForDeploymentPostprocessing = 0;
		};
/* End PBXResourcesBuildPhase section */

/* Begin PBXShellScriptBuildPhase section */
		5BCC144434D155EA01A287D4 /* [CP] Embed Pods Frameworks */ = {
			isa = PBXShellScriptBuildPhase;
			buildActionMask = 2147483647;
			files = (
			);
			inputFileListPaths = (
				"${PODS_ROOT}/Target Support Files/Pods-Eudeo/Pods-Eudeo-frameworks-${CONFIGURATION}-input-files.xcfilelist",
			);
			name = "[CP] Embed Pods Frameworks";
			outputFileListPaths = (
				"${PODS_ROOT}/Target Support Files/Pods-Eudeo/Pods-Eudeo-frameworks-${CONFIGURATION}-output-files.xcfilelist",
			);
			runOnlyForDeploymentPostprocessing = 0;
			shellPath = /bin/sh;
			shellScript = "\"${PODS_ROOT}/Target Support Files/Pods-Eudeo/Pods-Eudeo-frameworks.sh\"\n";
			showEnvVarsInLog = 0;
		};
		E8B453874B33F7211A18E714 /* [CP] Check Pods Manifest.lock */ = {
			isa = PBXShellScriptBuildPhase;
			buildActionMask = 2147483647;
			files = (
			);
			inputFileListPaths = (
			);
			inputPaths = (
				"${PODS_PODFILE_DIR_PATH}/Podfile.lock",
				"${PODS_ROOT}/Manifest.lock",
			);
			name = "[CP] Check Pods Manifest.lock";
			outputFileListPaths = (
			);
			outputPaths = (
				"$(DERIVED_FILE_DIR)/Pods-Eudeo-checkManifestLockResult.txt",
			);
			runOnlyForDeploymentPostprocessing = 0;
			shellPath = /bin/sh;
			shellScript = "diff \"${PODS_PODFILE_DIR_PATH}/Podfile.lock\" \"${PODS_ROOT}/Manifest.lock\" > /dev/null\nif [ $? != 0 ] ; then\n    # print error to STDERR\n    echo \"error: The sandbox is not in sync with the Podfile.lock. Run 'pod install' or update your CocoaPods installation.\" >&2\n    exit 1\nfi\n# This output is used by Xcode 'outputs' to avoid re-running this script phase.\necho \"SUCCESS\" > \"${SCRIPT_OUTPUT_FILE_0}\"\n";
			showEnvVarsInLog = 0;
		};
/* End PBXShellScriptBuildPhase section */

/* Begin PBXSourcesBuildPhase section */
		CC5DD47B24834EBD00CD3917 /* Sources */ = {
			isa = PBXSourcesBuildPhase;
			buildActionMask = 2147483647;
			files = (
				8046354524848132004509A5 /* hmac.c in Sources */,
				8046354724848132004509A5 /* rand.c in Sources */,
				CC5DD4A62483561A00CD3917 /* EDOSplashViewController.swift in Sources */,
				8046358024848158004509A5 /* Signature.swift in Sources */,
				CC5DD4AE2483566600CD3917 /* EDOLogInView.swift in Sources */,
				CCD5AB4D2484451900915428 /* EDOColor.swift in Sources */,
				8046354824848132004509A5 /* curves.c in Sources */,
				8046357E24848158004509A5 /* ResourceUtil.swift in Sources */,
				CC64D8642484389C000BC168 /* EDOTextField.swift in Sources */,
				CCD5AB512484476F00915428 /* EDOPostingViewController.swift in Sources */,
				CCD5AB572484479B00915428 /* EDOPostingView.swift in Sources */,
				CC5DD49724834F7100CD3917 /* EDONavigationController.swift in Sources */,
				CCD5AB552484479200915428 /* EDOHomeView.swift in Sources */,
				CC5DD4AC2483565D00CD3917 /* EDOSplashView.swift in Sources */,
				8046358D24848158004509A5 /* SEWallet.swift in Sources */,
				8046354B24848132004509A5 /* ripemd160.c in Sources */,
				CC5DD4A2248355E200CD3917 /* EDOViewController.swift in Sources */,
				8046358F24848235004509A5 /* EDOEOSUtilities.swift in Sources */,
				CC5DD48724834EBD00CD3917 /* EDOPlaceholderViewController.swift in Sources */,
				CCD5AB59248447A400915428 /* EDOProfileView.swift in Sources */,
				8046354624848132004509A5 /* sha2.c in Sources */,
				8046357D24848158004509A5 /* AccountUtil.swift in Sources */,
				8046358224848158004509A5 /* EOSRPC+Chain.swift in Sources */,
				CCD5AB4F2484475F00915428 /* EDOHomeViewController.swift in Sources */,
				CC5DD48324834EBD00CD3917 /* AppDelegate.swift in Sources */,
				8046358924848158004509A5 /* PrivateKey.swift in Sources */,
				CC5DD4B02483567000CD3917 /* EDOSignUpView.swift in Sources */,
				8046358824848158004509A5 /* PublicKey.swift in Sources */,
				8046358324848158004509A5 /* EOSRPC+History.swift in Sources */,
				8046354A24848132004509A5 /* bignum.c in Sources */,
				8046358124848158004509A5 /* ChainRouter.swift in Sources */,
				8046354424848132004509A5 /* bip39.c in Sources */,
				8046357C24848158004509A5 /* Contract.swift in Sources */,
				8046354924848132004509A5 /* secp256k1.c in Sources */,
				8046354C24848132004509A5 /* uECC.c in Sources */,
				8046357924848158004509A5 /* Crypto.swift in Sources */,
				8046357F24848158004509A5 /* Currency.swift in Sources */,
				8046355024848132004509A5 /* ecdsa.c in Sources */,
				8046358424848158004509A5 /* HistoryRouter.swift in Sources */,
				CC5DD4AA2483563700CD3917 /* EDOSignUpViewController.swift in Sources */,
				8046354124848132004509A5 /* curve-specific.inc in Sources */,
				CCD5AB532484478900915428 /* EDOProfileViewController.swift in Sources */,
				8046358B24848158004509A5 /* Error.swift in Sources */,
				8046354D24848132004509A5 /* bip32.c in Sources */,
				8046354224848132004509A5 /* platform-specific.inc in Sources */,
				8046358A24848158004509A5 /* ChainModels.swift in Sources */,
				CC5DD48524834EBD00CD3917 /* SceneDelegate.swift in Sources */,
				8046358724848158004509A5 /* KeyPair.swift in Sources */,
				8046354E24848132004509A5 /* sha3.c in Sources */,
				8046354F24848132004509A5 /* base58.c in Sources */,
				8046358624848158004509A5 /* BaseRouter.swift in Sources */,
				8046357B24848158004509A5 /* Transaction.swift in Sources */,
				8046358C24848158004509A5 /* BigInt.swift in Sources */,
				8046357A24848158004509A5 /* TransactionUtil.swift in Sources */,
				8046355124848132004509A5 /* pbkdf2.c in Sources */,
				CC5DD49B2483518000CD3917 /* EDOPlaceholderView.swift in Sources */,
				CC5DD4A82483562500CD3917 /* EDOLogInViewController.swift in Sources */,
				CC160071248448E100910472 /* EDOTabBarController.swift in Sources */,
				8046358524848158004509A5 /* EOSRPC.swift in Sources */,
			);
			runOnlyForDeploymentPostprocessing = 0;
		};
/* End PBXSourcesBuildPhase section */

/* Begin PBXVariantGroup section */
		CC5DD48D24834EBE00CD3917 /* LaunchScreen.storyboard */ = {
			isa = PBXVariantGroup;
			children = (
				CC5DD48E24834EBE00CD3917 /* Base */,
			);
			name = LaunchScreen.storyboard;
			sourceTree = "<group>";
		};
/* End PBXVariantGroup section */

/* Begin XCBuildConfiguration section */
		CC5DD49124834EBE00CD3917 /* Debug */ = {
			isa = XCBuildConfiguration;
			buildSettings = {
				ALWAYS_SEARCH_USER_PATHS = NO;
				CLANG_ANALYZER_NONNULL = YES;
				CLANG_ANALYZER_NUMBER_OBJECT_CONVERSION = YES_AGGRESSIVE;
				CLANG_CXX_LANGUAGE_STANDARD = "gnu++14";
				CLANG_CXX_LIBRARY = "libc++";
				CLANG_ENABLE_MODULES = YES;
				CLANG_ENABLE_OBJC_ARC = YES;
				CLANG_ENABLE_OBJC_WEAK = YES;
				CLANG_WARN_BLOCK_CAPTURE_AUTORELEASING = YES;
				CLANG_WARN_BOOL_CONVERSION = YES;
				CLANG_WARN_COMMA = YES;
				CLANG_WARN_CONSTANT_CONVERSION = YES;
				CLANG_WARN_DEPRECATED_OBJC_IMPLEMENTATIONS = YES;
				CLANG_WARN_DIRECT_OBJC_ISA_USAGE = YES_ERROR;
				CLANG_WARN_DOCUMENTATION_COMMENTS = YES;
				CLANG_WARN_EMPTY_BODY = YES;
				CLANG_WARN_ENUM_CONVERSION = YES;
				CLANG_WARN_INFINITE_RECURSION = YES;
				CLANG_WARN_INT_CONVERSION = YES;
				CLANG_WARN_NON_LITERAL_NULL_CONVERSION = YES;
				CLANG_WARN_OBJC_IMPLICIT_RETAIN_SELF = YES;
				CLANG_WARN_OBJC_LITERAL_CONVERSION = YES;
				CLANG_WARN_OBJC_ROOT_CLASS = YES_ERROR;
				CLANG_WARN_RANGE_LOOP_ANALYSIS = YES;
				CLANG_WARN_STRICT_PROTOTYPES = YES;
				CLANG_WARN_SUSPICIOUS_MOVE = YES;
				CLANG_WARN_UNGUARDED_AVAILABILITY = YES_AGGRESSIVE;
				CLANG_WARN_UNREACHABLE_CODE = YES;
				CLANG_WARN__DUPLICATE_METHOD_MATCH = YES;
				COPY_PHASE_STRIP = NO;
				DEBUG_INFORMATION_FORMAT = dwarf;
				ENABLE_STRICT_OBJC_MSGSEND = YES;
				ENABLE_TESTABILITY = YES;
				GCC_C_LANGUAGE_STANDARD = gnu11;
				GCC_DYNAMIC_NO_PIC = NO;
				GCC_NO_COMMON_BLOCKS = YES;
				GCC_OPTIMIZATION_LEVEL = 0;
				GCC_PREPROCESSOR_DEFINITIONS = (
					"DEBUG=1",
					"$(inherited)",
				);
				GCC_WARN_64_TO_32_BIT_CONVERSION = YES;
				GCC_WARN_ABOUT_RETURN_TYPE = YES_ERROR;
				GCC_WARN_UNDECLARED_SELECTOR = YES;
				GCC_WARN_UNINITIALIZED_AUTOS = YES_AGGRESSIVE;
				GCC_WARN_UNUSED_FUNCTION = YES;
				GCC_WARN_UNUSED_VARIABLE = YES;
				IPHONEOS_DEPLOYMENT_TARGET = 13.4;
				MTL_ENABLE_DEBUG_INFO = INCLUDE_SOURCE;
				MTL_FAST_MATH = YES;
				ONLY_ACTIVE_ARCH = YES;
				SDKROOT = iphoneos;
				SWIFT_ACTIVE_COMPILATION_CONDITIONS = DEBUG;
				SWIFT_OPTIMIZATION_LEVEL = "-Onone";
			};
			name = Debug;
		};
		CC5DD49224834EBE00CD3917 /* Release */ = {
			isa = XCBuildConfiguration;
			buildSettings = {
				ALWAYS_SEARCH_USER_PATHS = NO;
				CLANG_ANALYZER_NONNULL = YES;
				CLANG_ANALYZER_NUMBER_OBJECT_CONVERSION = YES_AGGRESSIVE;
				CLANG_CXX_LANGUAGE_STANDARD = "gnu++14";
				CLANG_CXX_LIBRARY = "libc++";
				CLANG_ENABLE_MODULES = YES;
				CLANG_ENABLE_OBJC_ARC = YES;
				CLANG_ENABLE_OBJC_WEAK = YES;
				CLANG_WARN_BLOCK_CAPTURE_AUTORELEASING = YES;
				CLANG_WARN_BOOL_CONVERSION = YES;
				CLANG_WARN_COMMA = YES;
				CLANG_WARN_CONSTANT_CONVERSION = YES;
				CLANG_WARN_DEPRECATED_OBJC_IMPLEMENTATIONS = YES;
				CLANG_WARN_DIRECT_OBJC_ISA_USAGE = YES_ERROR;
				CLANG_WARN_DOCUMENTATION_COMMENTS = YES;
				CLANG_WARN_EMPTY_BODY = YES;
				CLANG_WARN_ENUM_CONVERSION = YES;
				CLANG_WARN_INFINITE_RECURSION = YES;
				CLANG_WARN_INT_CONVERSION = YES;
				CLANG_WARN_NON_LITERAL_NULL_CONVERSION = YES;
				CLANG_WARN_OBJC_IMPLICIT_RETAIN_SELF = YES;
				CLANG_WARN_OBJC_LITERAL_CONVERSION = YES;
				CLANG_WARN_OBJC_ROOT_CLASS = YES_ERROR;
				CLANG_WARN_RANGE_LOOP_ANALYSIS = YES;
				CLANG_WARN_STRICT_PROTOTYPES = YES;
				CLANG_WARN_SUSPICIOUS_MOVE = YES;
				CLANG_WARN_UNGUARDED_AVAILABILITY = YES_AGGRESSIVE;
				CLANG_WARN_UNREACHABLE_CODE = YES;
				CLANG_WARN__DUPLICATE_METHOD_MATCH = YES;
				COPY_PHASE_STRIP = NO;
				DEBUG_INFORMATION_FORMAT = "dwarf-with-dsym";
				ENABLE_NS_ASSERTIONS = NO;
				ENABLE_STRICT_OBJC_MSGSEND = YES;
				GCC_C_LANGUAGE_STANDARD = gnu11;
				GCC_NO_COMMON_BLOCKS = YES;
				GCC_WARN_64_TO_32_BIT_CONVERSION = YES;
				GCC_WARN_ABOUT_RETURN_TYPE = YES_ERROR;
				GCC_WARN_UNDECLARED_SELECTOR = YES;
				GCC_WARN_UNINITIALIZED_AUTOS = YES_AGGRESSIVE;
				GCC_WARN_UNUSED_FUNCTION = YES;
				GCC_WARN_UNUSED_VARIABLE = YES;
				IPHONEOS_DEPLOYMENT_TARGET = 13.4;
				MTL_ENABLE_DEBUG_INFO = NO;
				MTL_FAST_MATH = YES;
				SDKROOT = iphoneos;
				SWIFT_COMPILATION_MODE = wholemodule;
				SWIFT_OPTIMIZATION_LEVEL = "-O";
				VALIDATE_PRODUCT = YES;
			};
			name = Release;
		};
		CC5DD49424834EBE00CD3917 /* Debug */ = {
			isa = XCBuildConfiguration;
			baseConfigurationReference = 951BB28AEFC714C2E4FC6E0D /* Pods-Eudeo.debug.xcconfig */;
			buildSettings = {
				ASSETCATALOG_COMPILER_APPICON_NAME = AppIcon;
				CODE_SIGN_STYLE = Automatic;
				DEVELOPMENT_TEAM = 6F7326ZM4K;
				HEADER_SEARCH_PATHS = (
					"$(inherited)",
					"\"${PODS_CONFIGURATION_BUILD_DIR}/AnyCodable-FlightSchool/AnyCodable.framework/Headers\"",
					"\"${PODS_CONFIGURATION_BUILD_DIR}/BigInt/BigInt.framework/Headers\"",
					"\"${PODS_CONFIGURATION_BUILD_DIR}/EosioSwift/EosioSwift.framework/Headers\"",
					"\"${PODS_CONFIGURATION_BUILD_DIR}/EosioSwiftAbieosSerializationProvider/EosioSwiftAbieosSerializationProvider.framework/Headers\"",
					"\"${PODS_CONFIGURATION_BUILD_DIR}/EosioSwiftEcc/EosioSwiftEcc.framework/Headers\"",
					"\"${PODS_CONFIGURATION_BUILD_DIR}/EosioSwiftSoftkeySignatureProvider/EosioSwiftSoftkeySignatureProvider.framework/Headers\"",
					"\"${PODS_CONFIGURATION_BUILD_DIR}/PromiseKit/PromiseKit.framework/Headers\"",
					Libraries/include,
				);
				INFOPLIST_FILE = Eudeo/Info.plist;
				LD_RUNPATH_SEARCH_PATHS = (
					"$(inherited)",
					"@executable_path/Frameworks",
				);
				PRODUCT_BUNDLE_IDENTIFIER = com.eudeo.development.Eudeo;
				PRODUCT_NAME = "$(TARGET_NAME)";
				SWIFT_OBJC_BRIDGING_HEADER = "Libraries/include/Bridging-Header.h";
				SWIFT_VERSION = 5.0;
				TARGETED_DEVICE_FAMILY = 1;
			};
			name = Debug;
		};
		CC5DD49524834EBE00CD3917 /* Release */ = {
			isa = XCBuildConfiguration;
			baseConfigurationReference = 9F7E9C259B69FECAB9F4A94F /* Pods-Eudeo.release.xcconfig */;
			buildSettings = {
				ASSETCATALOG_COMPILER_APPICON_NAME = AppIcon;
				CODE_SIGN_STYLE = Automatic;
				DEVELOPMENT_TEAM = 6F7326ZM4K;
				HEADER_SEARCH_PATHS = (
					"$(inherited)",
					"\"${PODS_CONFIGURATION_BUILD_DIR}/AnyCodable-FlightSchool/AnyCodable.framework/Headers\"",
					"\"${PODS_CONFIGURATION_BUILD_DIR}/BigInt/BigInt.framework/Headers\"",
					"\"${PODS_CONFIGURATION_BUILD_DIR}/EosioSwift/EosioSwift.framework/Headers\"",
					"\"${PODS_CONFIGURATION_BUILD_DIR}/EosioSwiftAbieosSerializationProvider/EosioSwiftAbieosSerializationProvider.framework/Headers\"",
					"\"${PODS_CONFIGURATION_BUILD_DIR}/EosioSwiftEcc/EosioSwiftEcc.framework/Headers\"",
					"\"${PODS_CONFIGURATION_BUILD_DIR}/EosioSwiftSoftkeySignatureProvider/EosioSwiftSoftkeySignatureProvider.framework/Headers\"",
					"\"${PODS_CONFIGURATION_BUILD_DIR}/PromiseKit/PromiseKit.framework/Headers\"",
					Libraries/include,
				);
				INFOPLIST_FILE = Eudeo/Info.plist;
				LD_RUNPATH_SEARCH_PATHS = (
					"$(inherited)",
					"@executable_path/Frameworks",
				);
				PRODUCT_BUNDLE_IDENTIFIER = com.eudeo.development.Eudeo;
				PRODUCT_NAME = "$(TARGET_NAME)";
				SWIFT_OBJC_BRIDGING_HEADER = "Libraries/include/Bridging-Header.h";
				SWIFT_VERSION = 5.0;
				TARGETED_DEVICE_FAMILY = 1;
			};
			name = Release;
		};
/* End XCBuildConfiguration section */

/* Begin XCConfigurationList section */
		CC5DD47A24834EBD00CD3917 /* Build configuration list for PBXProject "Eudeo" */ = {
			isa = XCConfigurationList;
			buildConfigurations = (
				CC5DD49124834EBE00CD3917 /* Debug */,
				CC5DD49224834EBE00CD3917 /* Release */,
			);
			defaultConfigurationIsVisible = 0;
			defaultConfigurationName = Release;
		};
		CC5DD49324834EBE00CD3917 /* Build configuration list for PBXNativeTarget "Eudeo" */ = {
			isa = XCConfigurationList;
			buildConfigurations = (
				CC5DD49424834EBE00CD3917 /* Debug */,
				CC5DD49524834EBE00CD3917 /* Release */,
			);
			defaultConfigurationIsVisible = 0;
			defaultConfigurationName = Release;
		};
/* End XCConfigurationList section */
	};
	rootObject = CC5DD47724834EBD00CD3917 /* Project object */;
}
